{
  "version": 1,
  "dependencies": {
    ".NETFramework,Version=v3.5": {
      "HarmonyX": {
        "type": "Direct",
        "requested": "[2.9.0, )",
        "resolved": "2.9.0",
        "contentHash": "vB03a0lJJefzSnPP8VJSzyTtgSx81dnxU2olfirHTBnbXY8Uc2BMoxCODPK1nzg4C53lQR0NOi+bp9170sYVFA==",
        "dependencies": {
          "MonoMod.RuntimeDetour": "22.1.29.1"
        }
      },
      "Microsoft.NETFramework.ReferenceAssemblies": {
        "type": "Direct",
        "requested": "[1.0.3, )",
        "resolved": "1.0.3",
        "contentHash": "vUc9Npcs14QsyOD01tnv/m8sQUnGTGOw1BCmKcv77LBJY7OxhJ+zJF7UD/sCL3lYNFuqmQEVlkfS4Quif6FyYg==",
        "dependencies": {
          "Microsoft.NETFramework.ReferenceAssemblies.net35": "1.0.3"
        }
      },
      "Mono.Cecil": {
        "type": "Direct",
        "requested": "[0.10.4, )",
        "resolved": "0.10.4",
        "contentHash": "BHukPf7zfXu+akTcFEAWvU4x3hVMMIDC+ihGAl/+8OozrY0f/ajrpuaSUf2Q3Xvgsge5NryvOkjtyhV5TNXoSg=="
      },
      "MonoMod.RuntimeDetour": {
        "type": "Direct",
        "requested": "[22.1.29.1, )",
        "resolved": "22.1.29.1",
        "contentHash": "CksRFEGCPs8VGKe6pc3zsOPd2Jik+FMlmx5HDxWVTxz9JlAmWDk1+0PCwAVw4iGDuDZmIUjZDjhSACasyw9y/Q==",
        "dependencies": {
          "Mono.Cecil": "0.10.4",
          "MonoMod.Utils": "22.1.29.1"
        }
      },
      "MonoMod.Utils": {
        "type": "Direct",
        "requested": "[22.1.29.1, )",
        "resolved": "22.1.29.1",
        "contentHash": "qKyM/JXIA3hr2BpE5LTtYfZvIFlcLB62pkORARRv0bXKSk1n23Nl3oAdYymQMjNfrhn/jCPZRqKDFftrYa1K2Q==",
        "dependencies": {
          "Mono.Cecil": "0.10.4"
        }
      },
      "Microsoft.NETFramework.ReferenceAssemblies.net35": {
        "type": "Transitive",
        "resolved": "1.0.3",
        "contentHash": "Mhbr13IGgsW4AHj50uAiVNMPWdvUPWePRsI4x1NiTkhHUc4rqi9XvY5xxBC4d56bJypQbxAZ8bPuZIpz+TjBVQ=="
      }
    }
  }
}